
Microsoft Visual Studio Solution File, Format Version 12.00
# Visual Studio Version 17
VisualStudioVersion = 17.2.32630.192
MinimumVisualStudioVersion = 10.0.40219.1
Project("{9A19103F-16F7-4668-BE54-9A1E7A4F7556}") = "ProjectManagementSystem", "ProjectManagementSystem\ProjectManagementSystem.csproj", "{5B790F9F-1871-4BE5-9BB5-C3548192B9E4}"
EndProject
Global
	GlobalSection(SolutionConfigurationPlatforms) = preSolution
		Debug|Any CPU = Debug|Any CPU
		Release|Any CPU = Release|Any CPU
	EndGlobalSection
	GlobalSection(ProjectConfigurationPlatforms) = postSolution
		{5B790F9F-1871-4BE5-9BB5-C3548192B9E4}.Debug|Any CPU.ActiveCfg = Debug|Any CPU
		{5B790F9F-1871-4BE5-9BB5-C3548192B9E4}.Debug|Any CPU.Build.0 = Debug|Any CPU
		{5B790F9F-1871-4BE5-9BB5-C3548192B9E4}.Release|Any CPU.ActiveCfg = Release|Any CPU
		{5B790F9F-1871-4BE5-9BB5-C3548192B9E4}.Release|Any CPU.Build.0 = Release|Any CPU
	EndGlobalSection
	GlobalSection(SolutionProperties) = preSolution
		HideSolutionNode = FALSE
	EndGlobalSection
	GlobalSection(ExtensibilityGlobals) = postSolution
		SolutionGuid = {DA4474B4-5B90-4CD9-B598-57709B1BF38F}
	EndGlobalSection
EndGlobal
